
Microsoft Visual Studio Solution File, Format Version 12.00
# Visual Studio Version 16
VisualStudioVersion = 16.0.31019.35
MinimumVisualStudioVersion = 10.0.40219.1
Project("{FAE04EC0-301F-11D3-BF4B-00C04F79EFBC}") = "VendingMachine", "VendingMachine\VendingMachine.csproj", "{44545C9A-EF97-4407-B344-9B6C21ECFACF}"
EndProject
Global
	GlobalSection(SolutionConfigurationPlatforms) = preSolution
		Debug|Any CPU = Debug|Any CPU
		Release|Any CPU = Release|Any CPU
	EndGlobalSection
	GlobalSection(ProjectConfigurationPlatforms) = postSolution
		{44545C9A-EF97-4407-B344-9B6C21ECFACF}.Debug|Any CPU.ActiveCfg = Debug|Any CPU
		{44545C9A-EF97-4407-B344-9B6C21ECFACF}.Debug|Any CPU.Build.0 = Debug|Any CPU
		{44545C9A-EF97-4407-B344-9B6C21ECFACF}.Release|Any CPU.ActiveCfg = Release|Any CPU
		{44545C9A-EF97-4407-B344-9B6C21ECFACF}.Release|Any CPU.Build.0 = Release|Any CPU
	EndGlobalSection
	GlobalSection(SolutionProperties) = preSolution
		HideSolutionNode = FALSE
	EndGlobalSection
	GlobalSection(ExtensibilityGlobals) = postSolution
		SolutionGuid = {1BD18892-F956-4F44-89D9-0149C1FB0D46}
	EndGlobalSection
EndGlobal
